
Microsoft Visual Studio Solution File, Format Version 12.00
# Visual Studio Version 17
VisualStudioVersion = 17.8.34309.116
MinimumVisualStudioVersion = 10.0.40219.1
Project("{FAE04EC0-301F-11D3-BF4B-00C04F79EFBC}") = "prohlizec_obchodni_site", "prohlizec_obchodni_site\prohlizec_obchodni_site.csproj", "{2D135C5F-7278-4E5B-B688-59FB10A33B9A}"
EndProject
Global
	GlobalSection(SolutionConfigurationPlatforms) = preSolution
		Debug|Any CPU = Debug|Any CPU
		Release|Any CPU = Release|Any CPU
	EndGlobalSection
	GlobalSection(ProjectConfigurationPlatforms) = postSolution
		{2D135C5F-7278-4E5B-B688-59FB10A33B9A}.Debug|Any CPU.ActiveCfg = Debug|Any CPU
		{2D135C5F-7278-4E5B-B688-59FB10A33B9A}.Debug|Any CPU.Build.0 = Debug|Any CPU
		{2D135C5F-7278-4E5B-B688-59FB10A33B9A}.Release|Any CPU.ActiveCfg = Release|Any CPU
		{2D135C5F-7278-4E5B-B688-59FB10A33B9A}.Release|Any CPU.Build.0 = Release|Any CPU
	EndGlobalSection
	GlobalSection(SolutionProperties) = preSolution
		HideSolutionNode = FALSE
	EndGlobalSection
	GlobalSection(ExtensibilityGlobals) = postSolution
		SolutionGuid = {D780EE9D-586A-4E32-ADFA-C568640995B2}
	EndGlobalSection
EndGlobal
